// !$*UTF8*$!
{
	archiveVersion = 1;
	classes = {
	};
	objectVersion = 50;
	objects = {

/* Begin PBXBuildFile section */
		EB5889FD24100E1F001DBDA9 /* AppDelegate.swift in Sources */ = {isa = PBXBuildFile; fileRef = EB5889FC24100E1F001DBDA9 /* AppDelegate.swift */; };
		EB5889FF24100E1F001DBDA9 /* SceneDelegate.swift in Sources */ = {isa = PBXBuildFile; fileRef = EB5889FE24100E1F001DBDA9 /* SceneDelegate.swift */; };
		EB588A0124100E1F001DBDA9 /* ViewController.swift in Sources */ = {isa = PBXBuildFile; fileRef = EB588A0024100E1F001DBDA9 /* ViewController.swift */; };
		EB588A0424100E1F001DBDA9 /* Main.storyboard in Resources */ = {isa = PBXBuildFile; fileRef = EB588A0224100E1F001DBDA9 /* Main.storyboard */; };
		EB588A0624100E23001DBDA9 /* Assets.xcassets in Resources */ = {isa = PBXBuildFile; fileRef = EB588A0524100E23001DBDA9 /* Assets.xcassets */; };
		EB588A0924100E23001DBDA9 /* LaunchScreen.storyboard in Resources */ = {isa = PBXBuildFile; fileRef = EB588A0724100E23001DBDA9 /* LaunchScreen.storyboard */; };
		EB588A1A24101054001DBDA9 /* Localizable.strings in Resources */ = {isa = PBXBuildFile; fileRef = EB588A1C24101054001DBDA9 /* Localizable.strings */; };
		EBD27B512410D1F500FA57A2 /* localiastion_ios.mov in Resources */ = {isa = PBXBuildFile; fileRef = EBD27B502410D1F500FA57A2 /* localiastion_ios.mov */; };
/* End PBXBuildFile section */

/* Begin PBXFileReference section */
		EB5889F924100E1F001DBDA9 /* LocalisationDemoApp.app */ = {isa = PBXFileReference; explicitFileType = wrapper.application; includeInIndex = 0; path = LocalisationDemoApp.app; sourceTree = BUILT_PRODUCTS_DIR; };
		EB5889FC24100E1F001DBDA9 /* AppDelegate.swift */ = {isa = PBXFileReference; lastKnownFileType = sourcecode.swift; path = AppDelegate.swift; sourceTree = "<group>"; };
		EB5889FE24100E1F001DBDA9 /* SceneDelegate.swift */ = {isa = PBXFileReference; lastKnownFileType = sourcecode.swift; path = SceneDelegate.swift; sourceTree = "<group>"; };
		EB588A0024100E1F001DBDA9 /* ViewController.swift */ = {isa = PBXFileReference; lastKnownFileType = sourcecode.swift; path = ViewController.swift; sourceTree = "<group>"; };
		EB588A0324100E1F001DBDA9 /* Base */ = {isa = PBXFileReference; lastKnownFileType = file.storyboard; name = Base; path = Base.lproj/Main.storyboard; sourceTree = "<group>"; };
		EB588A0524100E23001DBDA9 /* Assets.xcassets */ = {isa = PBXFileReference; lastKnownFileType = folder.assetcatalog; path = Assets.xcassets; sourceTree = "<group>"; };
		EB588A0824100E23001DBDA9 /* Base */ = {isa = PBXFileReference; lastKnownFileType = file.storyboard; name = Base; path = Base.lproj/LaunchScreen.storyboard; sourceTree = "<group>"; };
		EB588A0A24100E23001DBDA9 /* Info.plist */ = {isa = PBXFileReference; lastKnownFileType = text.plist.xml; path = Info.plist; sourceTree = "<group>"; };
		EB588A1B24101054001DBDA9 /* en */ = {isa = PBXFileReference; lastKnownFileType = text.plist.strings; name = en; path = en.lproj/Localizable.strings; sourceTree = "<group>"; };
		EB588A202410109A001DBDA9 /* es */ = {isa = PBXFileReference; lastKnownFileType = text.plist.strings; name = es; path = es.lproj/Localizable.strings; sourceTree = "<group>"; };
		EB588A21241010AF001DBDA9 /* de */ = {isa = PBXFileReference; lastKnownFileType = text.plist.strings; name = de; path = de.lproj/Localizable.strings; sourceTree = "<group>"; };
		EBD27B502410D1F500FA57A2 /* localiastion_ios.mov */ = {isa = PBXFileReference; lastKnownFileType = video.quicktime; path = localiastion_ios.mov; sourceTree = "<group>"; };
/* End PBXFileReference section */

/* Begin PBXFrameworksBuildPhase section */
		EB5889F624100E1F001DBDA9 /* Frameworks */ = {
			isa = PBXFrameworksBuildPhase;
			buildActionMask = 2147483647;
			files = (
			);
			runOnlyForDeploymentPostprocessing = 0;
		};
/* End PBXFrameworksBuildPhase section */

/* Begin PBXGroup section */
		EB5889F024100E1F001DBDA9 = {
			isa = PBXGroup;
			children = (
				EB5889FB24100E1F001DBDA9 /* LocalisationDemoApp */,
				EB5889FA24100E1F001DBDA9 /* Products */,
			);
			sourceTree = "<group>";
		};
		EB5889FA24100E1F001DBDA9 /* Products */ = {
			isa = PBXGroup;
			children = (
				EB5889F924100E1F001DBDA9 /* LocalisationDemoApp.app */,
			);
			name = Products;
			sourceTree = "<group>";
		};
		EB5889FB24100E1F001DBDA9 /* LocalisationDemoApp */ = {
			isa = PBXGroup;
			children = (
				EBD27B522410D20100FA57A2 /* Documents */,
				EB5889FC24100E1F001DBDA9 /* AppDelegate.swift */,
				EB5889FE24100E1F001DBDA9 /* SceneDelegate.swift */,
				EB588A0024100E1F001DBDA9 /* ViewController.swift */,
				EB588A0224100E1F001DBDA9 /* Main.storyboard */,
				EB588A0524100E23001DBDA9 /* Assets.xcassets */,
				EB588A0724100E23001DBDA9 /* LaunchScreen.storyboard */,
				EB588A0A24100E23001DBDA9 /* Info.plist */,
				EB588A1C24101054001DBDA9 /* Localizable.strings */,
			);
			path = LocalisationDemoApp;
			sourceTree = "<group>";
		};
		EBD27B522410D20100FA57A2 /* Documents */ = {
			isa = PBXGroup;
			children = (
				EBD27B502410D1F500FA57A2 /* localiastion_ios.mov */,
			);
			path = Documents;
			sourceTree = "<group>";
		};
/* End PBXGroup section */

/* Begin PBXNativeTarget section */
		EB5889F824100E1F001DBDA9 /* LocalisationDemoApp */ = {
			isa = PBXNativeTarget;
			buildConfigurationList = EB588A0D24100E23001DBDA9 /* Build configuration list for PBXNativeTarget "LocalisationDemoApp" */;
			buildPhases = (
				EB5889F524100E1F001DBDA9 /* Sources */,
				EB5889F624100E1F001DBDA9 /* Frameworks */,
				EB5889F724100E1F001DBDA9 /* Resources */,
			);
			buildRules = (
			);
			dependencies = (
			);
			name = LocalisationDemoApp;
			productName = LocalisationDemoApp;
			productReference = EB5889F924100E1F001DBDA9 /* LocalisationDemoApp.app */;
			productType = "com.apple.product-type.application";
		};
/* End PBXNativeTarget section */

/* Begin PBXProject section */
		EB5889F124100E1F001DBDA9 /* Project object */ = {
			isa = PBXProject;
			attributes = {
				LastSwiftUpdateCheck = 1120;
				LastUpgradeCheck = 1120;
				ORGANIZATIONNAME = Amitabha;
				TargetAttributes = {
					EB5889F824100E1F001DBDA9 = {
						CreatedOnToolsVersion = 11.2.1;
					};
				};
			};
			buildConfigurationList = EB5889F424100E1F001DBDA9 /* Build configuration list for PBXProject "LocalisationDemoApp" */;
			compatibilityVersion = "Xcode 9.3";
			developmentRegion = en;
			hasScannedForEncodings = 0;
			knownRegions = (
				en,
				Base,
				es,
				de,
			);
			mainGroup = EB5889F024100E1F001DBDA9;
			productRefGroup = EB5889FA24100E1F001DBDA9 /* Products */;
			projectDirPath = "";
			projectRoot = "";
			targets = (
				EB5889F824100E1F001DBDA9 /* LocalisationDemoApp */,
			);
		};
/* End PBXProject section */

/* Begin PBXResourcesBuildPhase section */
		EB5889F724100E1F001DBDA9 /* Resources */ = {
			isa = PBXResourcesBuildPhase;
			buildActionMask = 2147483647;
			files = (
				EBD27B512410D1F500FA57A2 /* localiastion_ios.mov in Resources */,
				EB588A0924100E23001DBDA9 /* LaunchScreen.storyboard in Resources */,
				EB588A1A24101054001DBDA9 /* Localizable.strings in Resources */,
				EB588A0624100E23001DBDA9 /* Assets.xcassets in Resources */,
				EB588A0424100E1F001DBDA9 /* Main.storyboard in Resources */,
			);
			runOnlyForDeploymentPostprocessing = 0;
		};
/* End PBXResourcesBuildPhase section */

/* Begin PBXSourcesBuildPhase section */
		EB5889F524100E1F001DBDA9 /* Sources */ = {
			isa = PBXSourcesBuildPhase;
			buildActionMask = 2147483647;
			files = (
				EB588A0124100E1F001DBDA9 /* ViewController.swift in Sources */,
				EB5889FD24100E1F001DBDA9 /* AppDelegate.swift in Sources */,
				EB5889FF24100E1F001DBDA9 /* SceneDelegate.swift in Sources */,
			);
			runOnlyForDeploymentPostprocessing = 0;
		};
/* End PBXSourcesBuildPhase section */

/* Begin PBXVariantGroup section */
		EB588A0224100E1F001DBDA9 /* Main.storyboard */ = {
			isa = PBXVariantGroup;
			children = (
				EB588A0324100E1F001DBDA9 /* Base */,
			);
			name = Main.storyboard;
			sourceTree = "<group>";
		};
		EB588A0724100E23001DBDA9 /* LaunchScreen.storyboard */ = {
			isa = PBXVariantGroup;
			children = (
				EB588A0824100E23001DBDA9 /* Base */,
			);
			name = LaunchScreen.storyboard;
			sourceTree = "<group>";
		};
		EB588A1C24101054001DBDA9 /* Localizable.strings */ = {
			isa = PBXVariantGroup;
			children = (
				EB588A1B24101054001DBDA9 /* en */,
				EB588A202410109A001DBDA9 /* es */,
				EB588A21241010AF001DBDA9 /* de */,
			);
			name = Localizable.strings;
			sourceTree = "<group>";
		};
/* End PBXVariantGroup section */

/* Begin XCBuildConfiguration section */
		EB588A0B24100E23001DBDA9 /* Debug */ = {
			isa = XCBuildConfiguration;
			buildSettings = {
				ALWAYS_SEARCH_USER_PATHS = NO;
				CLANG_ANALYZER_LOCALIZABILITY_NONLOCALIZED = YES;
				CLANG_ANALYZER_NONNULL = YES;
				CLANG_ANALYZER_NUMBER_OBJECT_CONVERSION = YES_AGGRESSIVE;
				CLANG_CXX_LANGUAGE_STANDARD = "gnu++14";
				CLANG_CXX_LIBRARY = "libc++";
				CLANG_ENABLE_MODULES = YES;
				CLANG_ENABLE_OBJC_ARC = YES;
				CLANG_ENABLE_OBJC_WEAK = YES;
				CLANG_WARN_BLOCK_CAPTURE_AUTORELEASING = YES;
				CLANG_WARN_BOOL_CONVERSION = YES;
				CLANG_WARN_COMMA = YES;
				CLANG_WARN_CONSTANT_CONVERSION = YES;
				CLANG_WARN_DEPRECATED_OBJC_IMPLEMENTATIONS = YES;
				CLANG_WARN_DIRECT_OBJC_ISA_USAGE = YES_ERROR;
				CLANG_WARN_DOCUMENTATION_COMMENTS = YES;
				CLANG_WARN_EMPTY_BODY = YES;
				CLANG_WARN_ENUM_CONVERSION = YES;
				CLANG_WARN_INFINITE_RECURSION = YES;
				CLANG_WARN_INT_CONVERSION = YES;
				CLANG_WARN_NON_LITERAL_NULL_CONVERSION = YES;
				CLANG_WARN_OBJC_IMPLICIT_RETAIN_SELF = YES;
				CLANG_WARN_OBJC_LITERAL_CONVERSION = YES;
				CLANG_WARN_OBJC_ROOT_CLASS = YES_ERROR;
				CLANG_WARN_RANGE_LOOP_ANALYSIS = YES;
				CLANG_WARN_STRICT_PROTOTYPES = YES;
				CLANG_WARN_SUSPICIOUS_MOVE = YES;
				CLANG_WARN_UNGUARDED_AVAILABILITY = YES_AGGRESSIVE;
				CLANG_WARN_UNREACHABLE_CODE = YES;
				CLANG_WARN__DUPLICATE_METHOD_MATCH = YES;
				COPY_PHASE_STRIP = NO;
				DEBUG_INFORMATION_FORMAT = dwarf;
				ENABLE_STRICT_OBJC_MSGSEND = YES;
				ENABLE_TESTABILITY = YES;
				GCC_C_LANGUAGE_STANDARD = gnu11;
				GCC_DYNAMIC_NO_PIC = NO;
				GCC_NO_COMMON_BLOCKS = YES;
				GCC_OPTIMIZATION_LEVEL = 0;
				GCC_PREPROCESSOR_DEFINITIONS = (
					"DEBUG=1",
					"$(inherited)",
				);
				GCC_WARN_64_TO_32_BIT_CONVERSION = YES;
				GCC_WARN_ABOUT_RETURN_TYPE = YES_ERROR;
				GCC_WARN_UNDECLARED_SELECTOR = YES;
				GCC_WARN_UNINITIALIZED_AUTOS = YES_AGGRESSIVE;
				GCC_WARN_UNUSED_FUNCTION = YES;
				GCC_WARN_UNUSED_VARIABLE = YES;
				IPHONEOS_DEPLOYMENT_TARGET = 13.2;
				MTL_ENABLE_DEBUG_INFO = INCLUDE_SOURCE;
				MTL_FAST_MATH = YES;
				ONLY_ACTIVE_ARCH = YES;
				SDKROOT = iphoneos;
				SWIFT_ACTIVE_COMPILATION_CONDITIONS = DEBUG;
				SWIFT_OPTIMIZATION_LEVEL = "-Onone";
			};
			name = Debug;
		};
		EB588A0C24100E23001DBDA9 /* Release */ = {
			isa = XCBuildConfiguration;
			buildSettings = {
				ALWAYS_SEARCH_USER_PATHS = NO;
				CLANG_ANALYZER_LOCALIZABILITY_NONLOCALIZED = YES;
				CLANG_ANALYZER_NONNULL = YES;
				CLANG_ANALYZER_NUMBER_OBJECT_CONVERSION = YES_AGGRESSIVE;
				CLANG_CXX_LANGUAGE_STANDARD = "gnu++14";
				CLANG_CXX_LIBRARY = "libc++";
				CLANG_ENABLE_MODULES = YES;
				CLANG_ENABLE_OBJC_ARC = YES;
				CLANG_ENABLE_OBJC_WEAK = YES;
				CLANG_WARN_BLOCK_CAPTURE_AUTORELEASING = YES;
				CLANG_WARN_BOOL_CONVERSION = YES;
				CLANG_WARN_COMMA = YES;
				CLANG_WARN_CONSTANT_CONVERSION = YES;
				CLANG_WARN_DEPRECATED_OBJC_IMPLEMENTATIONS = YES;
				CLANG_WARN_DIRECT_OBJC_ISA_USAGE = YES_ERROR;
				CLANG_WARN_DOCUMENTATION_COMMENTS = YES;
				CLANG_WARN_EMPTY_BODY = YES;
				CLANG_WARN_ENUM_CONVERSION = YES;
				CLANG_WARN_INFINITE_RECURSION = YES;
				CLANG_WARN_INT_CONVERSION = YES;
				CLANG_WARN_NON_LITERAL_NULL_CONVERSION = YES;
				CLANG_WARN_OBJC_IMPLICIT_RETAIN_SELF = YES;
				CLANG_WARN_OBJC_LITERAL_CONVERSION = YES;
				CLANG_WARN_OBJC_ROOT_CLASS = YES_ERROR;
				CLANG_WARN_RANGE_LOOP_ANALYSIS = YES;
				CLANG_WARN_STRICT_PROTOTYPES = YES;
				CLANG_WARN_SUSPICIOUS_MOVE = YES;
				CLANG_WARN_UNGUARDED_AVAILABILITY = YES_AGGRESSIVE;
				CLANG_WARN_UNREACHABLE_CODE = YES;
				CLANG_WARN__DUPLICATE_METHOD_MATCH = YES;
				COPY_PHASE_STRIP = NO;
				DEBUG_INFORMATION_FORMAT = "dwarf-with-dsym";
				ENABLE_NS_ASSERTIONS = NO;
				ENABLE_STRICT_OBJC_MSGSEND = YES;
				GCC_C_LANGUAGE_STANDARD = gnu11;
				GCC_NO_COMMON_BLOCKS = YES;
				GCC_WARN_64_TO_32_BIT_CONVERSION = YES;
				GCC_WARN_ABOUT_RETURN_TYPE = YES_ERROR;
				GCC_WARN_UNDECLARED_SELECTOR = YES;
				GCC_WARN_UNINITIALIZED_AUTOS = YES_AGGRESSIVE;
				GCC_WARN_UNUSED_FUNCTION = YES;
				GCC_WARN_UNUSED_VARIABLE = YES;
				IPHONEOS_DEPLOYMENT_TARGET = 13.2;
				MTL_ENABLE_DEBUG_INFO = NO;
				MTL_FAST_MATH = YES;
				SDKROOT = iphoneos;
				SWIFT_COMPILATION_MODE = wholemodule;
				SWIFT_OPTIMIZATION_LEVEL = "-O";
				VALIDATE_PRODUCT = YES;
			};
			name = Release;
		};
		EB588A0E24100E23001DBDA9 /* Debug */ = {
			isa = XCBuildConfiguration;
			buildSettings = {
				ASSETCATALOG_COMPILER_APPICON_NAME = AppIcon;
				CODE_SIGN_STYLE = Automatic;
				DEVELOPMENT_TEAM = PP64RT7P8Z;
				INFOPLIST_FILE = LocalisationDemoApp/Info.plist;
				LD_RUNPATH_SEARCH_PATHS = (
					"$(inherited)",
					"@executable_path/Frameworks",
				);
				PRODUCT_BUNDLE_IDENTIFIER = com.ibm.LocalisationDemoApp;
				PRODUCT_NAME = "$(TARGET_NAME)";
				SWIFT_VERSION = 5.0;
				TARGETED_DEVICE_FAMILY = "1,2";
			};
			name = Debug;
		};
		EB588A0F24100E23001DBDA9 /* Release */ = {
			isa = XCBuildConfiguration;
			buildSettings = {
				ASSETCATALOG_COMPILER_APPICON_NAME = AppIcon;
				CODE_SIGN_STYLE = Automatic;
				DEVELOPMENT_TEAM = PP64RT7P8Z;
				INFOPLIST_FILE = LocalisationDemoApp/Info.plist;
				LD_RUNPATH_SEARCH_PATHS = (
					"$(inherited)",
					"@executable_path/Frameworks",
				);
				PRODUCT_BUNDLE_IDENTIFIER = com.ibm.LocalisationDemoApp;
				PRODUCT_NAME = "$(TARGET_NAME)";
				SWIFT_VERSION = 5.0;
				TARGETED_DEVICE_FAMILY = "1,2";
			};
			name = Release;
		};
/* End XCBuildConfiguration section */

/* Begin XCConfigurationList section */
		EB5889F424100E1F001DBDA9 /* Build configuration list for PBXProject "LocalisationDemoApp" */ = {
			isa = XCConfigurationList;
			buildConfigurations = (
				EB588A0B24100E23001DBDA9 /* Debug */,
				EB588A0C24100E23001DBDA9 /* Release */,
			);
			defaultConfigurationIsVisible = 0;
			defaultConfigurationName = Release;
		};
		EB588A0D24100E23001DBDA9 /* Build configuration list for PBXNativeTarget "LocalisationDemoApp" */ = {
			isa = XCConfigurationList;
			buildConfigurations = (
				EB588A0E24100E23001DBDA9 /* Debug */,
				EB588A0F24100E23001DBDA9 /* Release */,
			);
			defaultConfigurationIsVisible = 0;
			defaultConfigurationName = Release;
		};
/* End XCConfigurationList section */
	};
	rootObject = EB5889F124100E1F001DBDA9 /* Project object */;
}
